
Microsoft Visual Studio Solution File, Format Version 12.00
# Visual Studio Version 17
VisualStudioVersion = 17.10.35122.118
MinimumVisualStudioVersion = 10.0.40219.1
Project("{FAE04EC0-301F-11D3-BF4B-00C04F79EFBC}") = "BaiTapCuoiki", "BaiTapCuoiki\BaiTapCuoiki.csproj", "{A6F49914-FE73-4199-8F63-00A52C94C521}"
EndProject
Global
	GlobalSection(SolutionConfigurationPlatforms) = preSolution
		Debug|Any CPU = Debug|Any CPU
		Release|Any CPU = Release|Any CPU
	EndGlobalSection
	GlobalSection(ProjectConfigurationPlatforms) = postSolution
		{A6F49914-FE73-4199-8F63-00A52C94C521}.Debug|Any CPU.ActiveCfg = Debug|Any CPU
		{A6F49914-FE73-4199-8F63-00A52C94C521}.Debug|Any CPU.Build.0 = Debug|Any CPU
		{A6F49914-FE73-4199-8F63-00A52C94C521}.Release|Any CPU.ActiveCfg = Release|Any CPU
		{A6F49914-FE73-4199-8F63-00A52C94C521}.Release|Any CPU.Build.0 = Release|Any CPU
	EndGlobalSection
	GlobalSection(SolutionProperties) = preSolution
		HideSolutionNode = FALSE
	EndGlobalSection
	GlobalSection(ExtensibilityGlobals) = postSolution
		SolutionGuid = {A0AC4B3B-7D09-4135-BE6C-22DD6EF2C701}
	EndGlobalSection
EndGlobal
